
Microsoft Visual Studio Solution File, Format Version 12.00
# Visual Studio Version 16
VisualStudioVersion = 16.0.34601.136
MinimumVisualStudioVersion = 10.0.40219.1
Project("{FAE04EC0-301F-11D3-BF4B-00C04F79EFBC}") = "permiakov_lab4", "permiakov_lab4.csproj", "{C1E36AE2-D1C6-452B-B366-972EDF746690}"
EndProject
Global
	GlobalSection(SolutionConfigurationPlatforms) = preSolution
		Debug|Any CPU = Debug|Any CPU
		Release|Any CPU = Release|Any CPU
	EndGlobalSection
	GlobalSection(ProjectConfigurationPlatforms) = postSolution
		{C1E36AE2-D1C6-452B-B366-972EDF746690}.Debug|Any CPU.ActiveCfg = Debug|Any CPU
		{C1E36AE2-D1C6-452B-B366-972EDF746690}.Debug|Any CPU.Build.0 = Debug|Any CPU
		{C1E36AE2-D1C6-452B-B366-972EDF746690}.Release|Any CPU.ActiveCfg = Release|Any CPU
		{C1E36AE2-D1C6-452B-B366-972EDF746690}.Release|Any CPU.Build.0 = Release|Any CPU
	EndGlobalSection
	GlobalSection(SolutionProperties) = preSolution
		HideSolutionNode = FALSE
	EndGlobalSection
	GlobalSection(ExtensibilityGlobals) = postSolution
		SolutionGuid = {F982B5DE-9413-45F8-BF25-62F115CDF3C0}
	EndGlobalSection
EndGlobal
